// !$*UTF8*$!
{
	archiveVersion = 1;
	classes = {
	};
	objectVersion = 46;
	objects = {

/* Begin PBXBuildFile section */
		AD16A7121D866CF3002D5C00 /* TestingHelpers.swift in Sources */ = {isa = PBXBuildFile; fileRef = AD16A7111D866CF3002D5C00 /* TestingHelpers.swift */; };
		AD16A7141D878FBF002D5C00 /* PairingHeap.swift in Sources */ = {isa = PBXBuildFile; fileRef = AD16A7131D878FBF002D5C00 /* PairingHeap.swift */; };
		ADB000181D7CD88E00E95028 /* main.swift in Sources */ = {isa = PBXBuildFile; fileRef = ADB000171D7CD88E00E95028 /* main.swift */; };
		ADB0001F1D7CD89E00E95028 /* RadixSort.swift in Sources */ = {isa = PBXBuildFile; fileRef = ADB0001E1D7CD89E00E95028 /* RadixSort.swift */; };
		ADB000211D7CDA1100E95028 /* MergeSort.swift in Sources */ = {isa = PBXBuildFile; fileRef = ADB000201D7CDA1100E95028 /* MergeSort.swift */; };
		ADB000251D7CDA7A00E95028 /* SplayTree.swift in Sources */ = {isa = PBXBuildFile; fileRef = ADB000241D7CDA7A00E95028 /* SplayTree.swift */; };
		ADB000271D7CE78F00E95028 /* Heap.swift in Sources */ = {isa = PBXBuildFile; fileRef = ADB000261D7CE78F00E95028 /* Heap.swift */; };
		ADB000291D7FB3E200E95028 /* AdjacencyListGraph.swift in Sources */ = {isa = PBXBuildFile; fileRef = ADB000281D7FB3E200E95028 /* AdjacencyListGraph.swift */; };
		ADB0002B1D7FC96E00E95028 /* GraphProtocol.swift in Sources */ = {isa = PBXBuildFile; fileRef = ADB0002A1D7FC96E00E95028 /* GraphProtocol.swift */; };
		ADB0002D1D7FE3D400E95028 /* KruskalsAlgorithm.swift in Sources */ = {isa = PBXBuildFile; fileRef = ADB0002C1D7FE3D400E95028 /* KruskalsAlgorithm.swift */; };
		ADB000461D82642700E95028 /* Trie.swift in Sources */ = {isa = PBXBuildFile; fileRef = ADB000451D82642700E95028 /* Trie.swift */; };
		ADB000481D8269CE00E95028 /* DepthFirstSearch.swift in Sources */ = {isa = PBXBuildFile; fileRef = ADB000471D8269CE00E95028 /* DepthFirstSearch.swift */; };
		ADE6D01E1D84FF8E00B7716E /* BreadthFirstSearch.swift in Sources */ = {isa = PBXBuildFile; fileRef = ADE6D01D1D84FF8E00B7716E /* BreadthFirstSearch.swift */; };
		ADE6D0201D85011600B7716E /* Stack.swift in Sources */ = {isa = PBXBuildFile; fileRef = ADE6D01F1D85011600B7716E /* Stack.swift */; };
		ADE6D0221D85011F00B7716E /* Queue.swift in Sources */ = {isa = PBXBuildFile; fileRef = ADE6D0211D85011F00B7716E /* Queue.swift */; };
		ADE6D0241D8506D600B7716E /* CustomExtensions.swift in Sources */ = {isa = PBXBuildFile; fileRef = ADE6D0231D8506D600B7716E /* CustomExtensions.swift */; };
		ADE6D0261D863D4200B7716E /* DijkstrasAlgorithm.swift in Sources */ = {isa = PBXBuildFile; fileRef = ADE6D0251D863D4200B7716E /* DijkstrasAlgorithm.swift */; };
/* End PBXBuildFile section */

/* Begin PBXCopyFilesBuildPhase section */
		ADB000121D7CD88E00E95028 /* CopyFiles */ = {
			isa = PBXCopyFilesBuildPhase;
			buildActionMask = 2147483647;
			dstPath = /usr/share/man/man1/;
			dstSubfolderSpec = 0;
			files = (
			);
			runOnlyForDeploymentPostprocessing = 1;
		};
/* End PBXCopyFilesBuildPhase section */

/* Begin PBXFileReference section */
		AD16A7111D866CF3002D5C00 /* TestingHelpers.swift */ = {isa = PBXFileReference; fileEncoding = 4; lastKnownFileType = sourcecode.swift; path = TestingHelpers.swift; sourceTree = "<group>"; };
		AD16A7131D878FBF002D5C00 /* PairingHeap.swift */ = {isa = PBXFileReference; fileEncoding = 4; lastKnownFileType = sourcecode.swift; path = PairingHeap.swift; sourceTree = "<group>"; };
		ADB000141D7CD88E00E95028 /* DatasAndAlgos */ = {isa = PBXFileReference; explicitFileType = "compiled.mach-o.executable"; includeInIndex = 0; path = DatasAndAlgos; sourceTree = BUILT_PRODUCTS_DIR; };
		ADB000171D7CD88E00E95028 /* main.swift */ = {isa = PBXFileReference; lastKnownFileType = sourcecode.swift; path = main.swift; sourceTree = "<group>"; };
		ADB0001E1D7CD89E00E95028 /* RadixSort.swift */ = {isa = PBXFileReference; fileEncoding = 4; lastKnownFileType = sourcecode.swift; path = RadixSort.swift; sourceTree = "<group>"; };
		ADB000201D7CDA1100E95028 /* MergeSort.swift */ = {isa = PBXFileReference; fileEncoding = 4; lastKnownFileType = sourcecode.swift; path = MergeSort.swift; sourceTree = "<group>"; };
		ADB000241D7CDA7A00E95028 /* SplayTree.swift */ = {isa = PBXFileReference; fileEncoding = 4; lastKnownFileType = sourcecode.swift; path = SplayTree.swift; sourceTree = "<group>"; };
		ADB000261D7CE78F00E95028 /* Heap.swift */ = {isa = PBXFileReference; fileEncoding = 4; lastKnownFileType = sourcecode.swift; path = Heap.swift; sourceTree = "<group>"; };
		ADB000281D7FB3E200E95028 /* AdjacencyListGraph.swift */ = {isa = PBXFileReference; fileEncoding = 4; lastKnownFileType = sourcecode.swift; path = AdjacencyListGraph.swift; sourceTree = "<group>"; };
		ADB0002A1D7FC96E00E95028 /* GraphProtocol.swift */ = {isa = PBXFileReference; fileEncoding = 4; lastKnownFileType = sourcecode.swift; path = GraphProtocol.swift; sourceTree = "<group>"; };
		ADB0002C1D7FE3D400E95028 /* KruskalsAlgorithm.swift */ = {isa = PBXFileReference; fileEncoding = 4; lastKnownFileType = sourcecode.swift; path = KruskalsAlgorithm.swift; sourceTree = "<group>"; };
		ADB000451D82642700E95028 /* Trie.swift */ = {isa = PBXFileReference; fileEncoding = 4; lastKnownFileType = sourcecode.swift; path = Trie.swift; sourceTree = "<group>"; };
		ADB000471D8269CE00E95028 /* DepthFirstSearch.swift */ = {isa = PBXFileReference; fileEncoding = 4; lastKnownFileType = sourcecode.swift; path = DepthFirstSearch.swift; sourceTree = "<group>"; };
		ADE6D01D1D84FF8E00B7716E /* BreadthFirstSearch.swift */ = {isa = PBXFileReference; fileEncoding = 4; lastKnownFileType = sourcecode.swift; path = BreadthFirstSearch.swift; sourceTree = "<group>"; };
		ADE6D01F1D85011600B7716E /* Stack.swift */ = {isa = PBXFileReference; fileEncoding = 4; lastKnownFileType = sourcecode.swift; path = Stack.swift; sourceTree = "<group>"; };
		ADE6D0211D85011F00B7716E /* Queue.swift */ = {isa = PBXFileReference; fileEncoding = 4; lastKnownFileType = sourcecode.swift; path = Queue.swift; sourceTree = "<group>"; };
		ADE6D0231D8506D600B7716E /* CustomExtensions.swift */ = {isa = PBXFileReference; fileEncoding = 4; lastKnownFileType = sourcecode.swift; path = CustomExtensions.swift; sourceTree = "<group>"; };
		ADE6D0251D863D4200B7716E /* DijkstrasAlgorithm.swift */ = {isa = PBXFileReference; fileEncoding = 4; lastKnownFileType = sourcecode.swift; path = DijkstrasAlgorithm.swift; sourceTree = "<group>"; };
/* End PBXFileReference section */

/* Begin PBXFrameworksBuildPhase section */
		ADB000111D7CD88E00E95028 /* Frameworks */ = {
			isa = PBXFrameworksBuildPhase;
			buildActionMask = 2147483647;
			files = (
			);
			runOnlyForDeploymentPostprocessing = 0;
		};
/* End PBXFrameworksBuildPhase section */

/* Begin PBXGroup section */
		ADB0000B1D7CD88E00E95028 = {
			isa = PBXGroup;
			children = (
				ADB000161D7CD88E00E95028 /* DatasAndAlgos */,
				ADB000151D7CD88E00E95028 /* Products */,
			);
			sourceTree = "<group>";
		};
		ADB000151D7CD88E00E95028 /* Products */ = {
			isa = PBXGroup;
			children = (
				ADB000141D7CD88E00E95028 /* DatasAndAlgos */,
			);
			name = Products;
			sourceTree = "<group>";
		};
		ADB000161D7CD88E00E95028 /* DatasAndAlgos */ = {
			isa = PBXGroup;
			children = (
				ADB000171D7CD88E00E95028 /* main.swift */,
				AD16A7111D866CF3002D5C00 /* TestingHelpers.swift */,
				ADE6D0231D8506D600B7716E /* CustomExtensions.swift */,
				ADB0001E1D7CD89E00E95028 /* RadixSort.swift */,
				ADB000201D7CDA1100E95028 /* MergeSort.swift */,
				ADE6D01D1D84FF8E00B7716E /* BreadthFirstSearch.swift */,
				ADE6D01F1D85011600B7716E /* Stack.swift */,
				ADE6D0211D85011F00B7716E /* Queue.swift */,
				ADB000471D8269CE00E95028 /* DepthFirstSearch.swift */,
				ADB000241D7CDA7A00E95028 /* SplayTree.swift */,
				ADB000281D7FB3E200E95028 /* AdjacencyListGraph.swift */,
				ADB000451D82642700E95028 /* Trie.swift */,
				ADE6D0251D863D4200B7716E /* DijkstrasAlgorithm.swift */,
				ADB0002A1D7FC96E00E95028 /* GraphProtocol.swift */,
				ADB0002C1D7FE3D400E95028 /* KruskalsAlgorithm.swift */,
				ADB000261D7CE78F00E95028 /* Heap.swift */,
				AD16A7131D878FBF002D5C00 /* PairingHeap.swift */,
			);
			path = DatasAndAlgos;
			sourceTree = "<group>";
		};
/* End PBXGroup section */

/* Begin PBXNativeTarget section */
		ADB000131D7CD88E00E95028 /* DatasAndAlgos */ = {
			isa = PBXNativeTarget;
			buildConfigurationList = ADB0001B1D7CD88E00E95028 /* Build configuration list for PBXNativeTarget "DatasAndAlgos" */;
			buildPhases = (
				ADB000101D7CD88E00E95028 /* Sources */,
				ADB000111D7CD88E00E95028 /* Frameworks */,
				ADB000121D7CD88E00E95028 /* CopyFiles */,
			);
			buildRules = (
			);
			dependencies = (
			);
			name = DatasAndAlgos;
			productName = DatasAndAlgos;
			productReference = ADB000141D7CD88E00E95028 /* DatasAndAlgos */;
			productType = "com.apple.product-type.tool";
		};
/* End PBXNativeTarget section */

/* Begin PBXProject section */
		ADB0000C1D7CD88E00E95028 /* Project object */ = {
			isa = PBXProject;
			attributes = {
				LastSwiftUpdateCheck = 0730;
				LastUpgradeCheck = 0730;
				ORGANIZATIONNAME = "Carter Appleton";
				TargetAttributes = {
					ADB000131D7CD88E00E95028 = {
						CreatedOnToolsVersion = 7.3.1;
					};
				};
			};
			buildConfigurationList = ADB0000F1D7CD88E00E95028 /* Build configuration list for PBXProject "DatasAndAlgos" */;
			compatibilityVersion = "Xcode 3.2";
			developmentRegion = English;
			hasScannedForEncodings = 0;
			knownRegions = (
				en,
			);
			mainGroup = ADB0000B1D7CD88E00E95028;
			productRefGroup = ADB000151D7CD88E00E95028 /* Products */;
			projectDirPath = "";
			projectRoot = "";
			targets = (
				ADB000131D7CD88E00E95028 /* DatasAndAlgos */,
			);
		};
/* End PBXProject section */

/* Begin PBXSourcesBuildPhase section */
		ADB000101D7CD88E00E95028 /* Sources */ = {
			isa = PBXSourcesBuildPhase;
			buildActionMask = 2147483647;
			files = (
				AD16A7121D866CF3002D5C00 /* TestingHelpers.swift in Sources */,
				ADE6D0241D8506D600B7716E /* CustomExtensions.swift in Sources */,
				ADB000211D7CDA1100E95028 /* MergeSort.swift in Sources */,
				ADB0002D1D7FE3D400E95028 /* KruskalsAlgorithm.swift in Sources */,
				ADE6D0261D863D4200B7716E /* DijkstrasAlgorithm.swift in Sources */,
				ADB000481D8269CE00E95028 /* DepthFirstSearch.swift in Sources */,
				ADB000271D7CE78F00E95028 /* Heap.swift in Sources */,
				ADE6D0221D85011F00B7716E /* Queue.swift in Sources */,
				AD16A7141D878FBF002D5C00 /* PairingHeap.swift in Sources */,
				ADE6D0201D85011600B7716E /* Stack.swift in Sources */,
				ADB000461D82642700E95028 /* Trie.swift in Sources */,
				ADB0001F1D7CD89E00E95028 /* RadixSort.swift in Sources */,
				ADB000181D7CD88E00E95028 /* main.swift in Sources */,
				ADB000251D7CDA7A00E95028 /* SplayTree.swift in Sources */,
				ADB000291D7FB3E200E95028 /* AdjacencyListGraph.swift in Sources */,
				ADB0002B1D7FC96E00E95028 /* GraphProtocol.swift in Sources */,
				ADE6D01E1D84FF8E00B7716E /* BreadthFirstSearch.swift in Sources */,
			);
			runOnlyForDeploymentPostprocessing = 0;
		};
/* End PBXSourcesBuildPhase section */

/* Begin XCBuildConfiguration section */
		ADB000191D7CD88E00E95028 /* Debug */ = {
			isa = XCBuildConfiguration;
			buildSettings = {
				ALWAYS_SEARCH_USER_PATHS = NO;
				CLANG_ANALYZER_NONNULL = YES;
				CLANG_CXX_LANGUAGE_STANDARD = "gnu++0x";
				CLANG_CXX_LIBRARY = "libc++";
				CLANG_ENABLE_MODULES = YES;
				CLANG_ENABLE_OBJC_ARC = YES;
				CLANG_WARN_BOOL_CONVERSION = YES;
				CLANG_WARN_CONSTANT_CONVERSION = YES;
				CLANG_WARN_DIRECT_OBJC_ISA_USAGE = YES_ERROR;
				CLANG_WARN_EMPTY_BODY = YES;
				CLANG_WARN_ENUM_CONVERSION = YES;
				CLANG_WARN_INT_CONVERSION = YES;
				CLANG_WARN_OBJC_ROOT_CLASS = YES_ERROR;
				CLANG_WARN_UNREACHABLE_CODE = YES;
				CLANG_WARN__DUPLICATE_METHOD_MATCH = YES;
				CODE_SIGN_IDENTITY = "-";
				COPY_PHASE_STRIP = NO;
				DEBUG_INFORMATION_FORMAT = dwarf;
				ENABLE_STRICT_OBJC_MSGSEND = YES;
				ENABLE_TESTABILITY = YES;
				GCC_C_LANGUAGE_STANDARD = gnu99;
				GCC_DYNAMIC_NO_PIC = NO;
				GCC_NO_COMMON_BLOCKS = YES;
				GCC_OPTIMIZATION_LEVEL = 0;
				GCC_PREPROCESSOR_DEFINITIONS = (
					"DEBUG=1",
					"$(inherited)",
				);
				GCC_WARN_64_TO_32_BIT_CONVERSION = YES;
				GCC_WARN_ABOUT_RETURN_TYPE = YES_ERROR;
				GCC_WARN_UNDECLARED_SELECTOR = YES;
				GCC_WARN_UNINITIALIZED_AUTOS = YES_AGGRESSIVE;
				GCC_WARN_UNUSED_FUNCTION = YES;
				GCC_WARN_UNUSED_VARIABLE = YES;
				MACOSX_DEPLOYMENT_TARGET = 10.11;
				MTL_ENABLE_DEBUG_INFO = YES;
				ONLY_ACTIVE_ARCH = YES;
				SDKROOT = macosx;
				SWIFT_OPTIMIZATION_LEVEL = "-Onone";
			};
			name = Debug;
		};
		ADB0001A1D7CD88E00E95028 /* Release */ = {
			isa = XCBuildConfiguration;
			buildSettings = {
				ALWAYS_SEARCH_USER_PATHS = NO;
				CLANG_ANALYZER_NONNULL = YES;
				CLANG_CXX_LANGUAGE_STANDARD = "gnu++0x";
				CLANG_CXX_LIBRARY = "libc++";
				CLANG_ENABLE_MODULES = YES;
				CLANG_ENABLE_OBJC_ARC = YES;
				CLANG_WARN_BOOL_CONVERSION = YES;
				CLANG_WARN_CONSTANT_CONVERSION = YES;
				CLANG_WARN_DIRECT_OBJC_ISA_USAGE = YES_ERROR;
				CLANG_WARN_EMPTY_BODY = YES;
				CLANG_WARN_ENUM_CONVERSION = YES;
				CLANG_WARN_INT_CONVERSION = YES;
				CLANG_WARN_OBJC_ROOT_CLASS = YES_ERROR;
				CLANG_WARN_UNREACHABLE_CODE = YES;
				CLANG_WARN__DUPLICATE_METHOD_MATCH = YES;
				CODE_SIGN_IDENTITY = "-";
				COPY_PHASE_STRIP = NO;
				DEBUG_INFORMATION_FORMAT = "dwarf-with-dsym";
				ENABLE_NS_ASSERTIONS = NO;
				ENABLE_STRICT_OBJC_MSGSEND = YES;
				GCC_C_LANGUAGE_STANDARD = gnu99;
				GCC_NO_COMMON_BLOCKS = YES;
				GCC_WARN_64_TO_32_BIT_CONVERSION = YES;
				GCC_WARN_ABOUT_RETURN_TYPE = YES_ERROR;
				GCC_WARN_UNDECLARED_SELECTOR = YES;
				GCC_WARN_UNINITIALIZED_AUTOS = YES_AGGRESSIVE;
				GCC_WARN_UNUSED_FUNCTION = YES;
				GCC_WARN_UNUSED_VARIABLE = YES;
				MACOSX_DEPLOYMENT_TARGET = 10.11;
				MTL_ENABLE_DEBUG_INFO = NO;
				SDKROOT = macosx;
			};
			name = Release;
		};
		ADB0001C1D7CD88E00E95028 /* Debug */ = {
			isa = XCBuildConfiguration;
			buildSettings = {
				PRODUCT_NAME = "$(TARGET_NAME)";
			};
			name = Debug;
		};
		ADB0001D1D7CD88E00E95028 /* Release */ = {
			isa = XCBuildConfiguration;
			buildSettings = {
				PRODUCT_NAME = "$(TARGET_NAME)";
			};
			name = Release;
		};
/* End XCBuildConfiguration section */

/* Begin XCConfigurationList section */
		ADB0000F1D7CD88E00E95028 /* Build configuration list for PBXProject "DatasAndAlgos" */ = {
			isa = XCConfigurationList;
			buildConfigurations = (
				ADB000191D7CD88E00E95028 /* Debug */,
				ADB0001A1D7CD88E00E95028 /* Release */,
			);
			defaultConfigurationIsVisible = 0;
			defaultConfigurationName = Release;
		};
		ADB0001B1D7CD88E00E95028 /* Build configuration list for PBXNativeTarget "DatasAndAlgos" */ = {
			isa = XCConfigurationList;
			buildConfigurations = (
				ADB0001C1D7CD88E00E95028 /* Debug */,
				ADB0001D1D7CD88E00E95028 /* Release */,
			);
			defaultConfigurationIsVisible = 0;
			defaultConfigurationName = Release;
		};
/* End XCConfigurationList section */
	};
	rootObject = ADB0000C1D7CD88E00E95028 /* Project object */;
}
